github.com/ebitengine/purego v0.11.0 h1:jhp/D+Nyv7UUW8HAcmcjt2N2rYrYi9m3SL21k0Ua/NI=
github.com/ebitengine/purego v0.11.0/go.mod h1:DCHPP08djqhNSoTfImcnHYQRZmd0qhakvrozqaEYhGQ=
github.com/tridentsx/go-usb v0.0.0-20260918142337-69b9c347c727 h1:/nIg5sgFYZfYTXHhA8C3ugmdftlLLl7RRD5eahrCXOI=
github.com/tridentsx/go-usb v0.0.0-20260918142337-69b9c347c727/go.mod h1:i2LMfMR2PEPJYJC0jRFo2orgoazkh/LHuMbyM2uUnwo=
golang.org/x/sys v0.40.0 h1:DBZZqJ2Rkml6QMQsZywtnjnnGvHza6BTfYFWY9kjEWQ=
golang.org/x/sys v0.40.0/go.mod h1:OgkHotnGiDImocRcuBABYBEXf8A9a87e/uXjp9XT3ks=
