github.com/ebitengine/purego v0.11.0 h1:jhp/D+Nyv7UUW8HAcmcjt2N2rYrYi9m3SL21k0Ua/NI=
github.com/ebitengine/purego v0.11.0/go.mod h1:DCHPP08djqhNSoTfImcnHYQRZmd0qhakvrozqaEYhGQ=
github.com/tridentsx/go-usb v0.0.0-20260917163538-17e49f3c23b6 h1:IKnT8d7JBLRmtb0VgYr+9boiq6NdW2hOOewiriM6YSM=
github.com/tridentsx/go-usb v0.0.0-20260917163538-17e49f3c23b6/go.mod h1:wnXi8fITX1CNuFpoNDFAHHgwQ2LN5VciDXQbPJH8s3Q=
golang.org/x/sys v0.40.0 h1:DBZZqJ2Rkml6QMQsZywtnjnnGvHza6BTfYFWY9kjEWQ=
golang.org/x/sys v0.40.0/go.mod h1:OgkHotnGiDImocRcuBABYBEXf8A9a87e/uXjp9XT3ks=
